
Microsoft Visual Studio Solution File, Format Version 12.00
# Visual Studio Version 17
VisualStudioVersion = 17.8.34330.188
MinimumVisualStudioVersion = 10.0.40219.1
Project("{FAE04EC0-301F-11D3-BF4B-00C04F79EFBC}") = "GA WriteLineSalvador", "GA WriteLineSalvador.csproj", "{58AEED55-4947-407C-BB2F-CBAFC106F308}"
EndProject
Global
	GlobalSection(SolutionConfigurationPlatforms) = preSolution
		Debug|Any CPU = Debug|Any CPU
		Release|Any CPU = Release|Any CPU
	EndGlobalSection
	GlobalSection(ProjectConfigurationPlatforms) = postSolution
		{58AEED55-4947-407C-BB2F-CBAFC106F308}.Debug|Any CPU.ActiveCfg = Debug|Any CPU
		{58AEED55-4947-407C-BB2F-CBAFC106F308}.Debug|Any CPU.Build.0 = Debug|Any CPU
		{58AEED55-4947-407C-BB2F-CBAFC106F308}.Release|Any CPU.ActiveCfg = Release|Any CPU
		{58AEED55-4947-407C-BB2F-CBAFC106F308}.Release|Any CPU.Build.0 = Release|Any CPU
	EndGlobalSection
	GlobalSection(SolutionProperties) = preSolution
		HideSolutionNode = FALSE
	EndGlobalSection
	GlobalSection(ExtensibilityGlobals) = postSolution
		SolutionGuid = {17A23FBB-C0FF-41BD-9FF5-29FF78FDB718}
	EndGlobalSection
EndGlobal
